# THIS IS AN AUTOGENERATED FILE. DO NOT EDIT THIS FILE DIRECTLY.
# yarn lockfile v1


"@types/angular", "@types/angular@*":
  version "1.5.19"
  resolved "https://registry.yarnpkg.com/@types/angular/-/angular-1.5.19.tgz#8fd6503afef2947aa059aa0ff8eda1872044f469"
  dependencies:
    "@types/jquery" "*"

"@types/angular-animate":
  version "1.5.5"
  resolved "https://registry.yarnpkg.com/@types/angular-animate/-/angular-animate-1.5.5.tgz#d7158bcde75c2cd9b6a1bb016f46e5a6299f186a"
  dependencies:
    "@types/angular" "*"
    "@types/jquery" "*"

"@types/angular-ui-bootstrap":
  version "0.13.35"
  resolved "https://registry.yarnpkg.com/@types/angular-ui-bootstrap/-/angular-ui-bootstrap-0.13.35.tgz#c312bba56d2b6c99b1eb2fe4a8eaafa6d3c40aac"
  dependencies:
    "@types/angular" "*"

"@types/angular-ui-router@^1.1.34":
  version "1.1.35"
  resolved "https://registry.yarnpkg.com/@types/angular-ui-router/-/angular-ui-router-1.1.35.tgz#4ea9713e422cb46c9f7ce7c76642c7ae146bbd77"
  dependencies:
    "@types/angular" "*"

"@types/jquery@*":
  version "2.0.34"
  resolved "https://registry.yarnpkg.com/@types/jquery/-/jquery-2.0.34.tgz#27615b369f30e572336126514e74672dda6e3d04"

acorn@^4.0.1:
  version "4.0.3"
  resolved "https://registry.yarnpkg.com/acorn/-/acorn-4.0.3.tgz#1a3e850b428e73ba6b09d1cc527f5aaad4d03ef1"

amdefine@>=0.0.4:
  version "1.0.1"
  resolved "https://registry.yarnpkg.com/amdefine/-/amdefine-1.0.1.tgz#4a5282ac164729e93619bcfd3ad151f817ce91f5"

angular-animate@~1.5.x:
  version "1.5.8"
  resolved "https://registry.yarnpkg.com/angular-animate/-/angular-animate-1.5.8.tgz#535f7369225aba7fb15bf7134c71b15bc635c586"

"angular-ui-bootstrap@https://github.com/diegovilar/bootstrap/releases/download/0.13.4/angular-bootstrap-0.13.4.tar.gz":
  version "0.13.4"
  resolved "https://github.com/diegovilar/bootstrap/releases/download/0.13.4/angular-bootstrap-0.13.4.tar.gz#494815d969b49ec23d79b0af795ec041cae9f37a"

"angular-ui-router@https://github.com/angular-ui/ui-router/archive/0.2.18.tar.gz":
  version "0.2.18"
  resolved "https://github.com/angular-ui/ui-router/archive/0.2.18.tar.gz#7216533e57201cc78000532b3300470d94377510"
  dependencies:
    angular "^1.0.8"

angular@^1.0.8, angular@~1.5.x:
  version "1.5.8"
  resolved "https://registry.yarnpkg.com/angular/-/angular-1.5.8.tgz#925a5392b8c212d09572dc446db7e01264e094cb"

async@0.9.0:
  version "0.9.0"
  resolved "https://registry.yarnpkg.com/async/-/async-0.9.0.tgz#ac3613b1da9bed1b47510bb4651b8931e47146c7"

async@~0.2.6:
  version "0.2.10"
  resolved "https://registry.yarnpkg.com/async/-/async-0.2.10.tgz#b6bbe0b0674b9d719708ca38de8c237cb526c3d1"

atob@^2.0.0:
  version "2.0.3"
  resolved "https://registry.yarnpkg.com/atob/-/atob-2.0.3.tgz#19c7a760473774468f20b2d2d03372ad7d4cbf5d"

balanced-match@^0.4.1:
  version "0.4.2"
  resolved "https://registry.yarnpkg.com/balanced-match/-/balanced-match-0.4.2.tgz#cb3f3e3c732dc0f01ee70b403f302e61d7709838"

bootstrap@^3.3.7:
  version "3.3.7"
  resolved "https://registry.yarnpkg.com/bootstrap/-/bootstrap-3.3.7.tgz#5a389394549f23330875a3b150656574f8a9eb71"

brace-expansion@^1.0.0:
  version "1.1.6"
  resolved "https://registry.yarnpkg.com/brace-expansion/-/brace-expansion-1.1.6.tgz#7197d7eaa9b87e648390ea61fc66c84427420df9"
  dependencies:
    balanced-match "^0.4.1"
    concat-map "0.0.1"

browser-resolve@^1.11.0:
  version "1.11.2"
  resolved "https://registry.yarnpkg.com/browser-resolve/-/browser-resolve-1.11.2.tgz#8ff09b0a2c421718a1051c260b32e48f442938ce"
  dependencies:
    resolve "1.1.7"

builtin-modules@^1.1.0:
  version "1.1.1"
  resolved "https://registry.yarnpkg.com/builtin-modules/-/builtin-modules-1.1.1.tgz#270f076c5a72c02f5b65a47df94c5fe3a278892f"

colors@1.0.3:
  version "1.0.3"
  resolved "https://registry.yarnpkg.com/colors/-/colors-1.0.3.tgz#0433f44d809680fdeb60ed260f1b0c262e82a40b"

compare-versions@2.0.1:
  version "2.0.1"
  resolved "https://registry.yarnpkg.com/compare-versions/-/compare-versions-2.0.1.tgz#1edc1f93687fd97a325c59f55e45a07db106aca6"

concat-map@0.0.1:
  version "0.0.1"
  resolved "https://registry.yarnpkg.com/concat-map/-/concat-map-0.0.1.tgz#d8a96bd77fd68df7793a73036a3ba0d5405d477b"

corser@~2.0.0:
  version "2.0.1"
  resolved "https://registry.yarnpkg.com/corser/-/corser-2.0.1.tgz#8eda252ecaab5840dcd975ceb90d9370c819ff87"

ecstatic@^1.4.0:
  version "1.4.1"
  resolved "https://registry.yarnpkg.com/ecstatic/-/ecstatic-1.4.1.tgz#32cb7b6fa2e290d58668674d115e8f0c3d567d6a"
  dependencies:
    he "^0.5.0"
    mime "^1.2.11"
    minimist "^1.1.0"
    url-join "^1.0.0"

estree-walker@^0.2.1:
  version "0.2.1"
  resolved "https://registry.yarnpkg.com/estree-walker/-/estree-walker-0.2.1.tgz#bdafe8095383d8414d5dc2ecf4c9173b6db9412e"

eventemitter3@1.x.x:
  version "1.2.0"
  resolved "https://registry.yarnpkg.com/eventemitter3/-/eventemitter3-1.2.0.tgz#1c86991d816ad1e504750e73874224ecf3bec508"

he@^0.5.0:
  version "0.5.0"
  resolved "https://registry.yarnpkg.com/he/-/he-0.5.0.tgz#2c05ffaef90b68e860f3fd2b54ef580989277ee2"

http-proxy@^1.8.1:
  version "1.15.2"
  resolved "https://registry.yarnpkg.com/http-proxy/-/http-proxy-1.15.2.tgz#642fdcaffe52d3448d2bda3b0079e9409064da31"
  dependencies:
    eventemitter3 "1.x.x"
    requires-port "1.x.x"

http-server:
  version "0.9.0"
  resolved "https://registry.yarnpkg.com/http-server/-/http-server-0.9.0.tgz#8f1b06bdc733618d4dc42831c7ba1aff4e06001a"
  dependencies:
    colors "1.0.3"
    corser "~2.0.0"
    ecstatic "^1.4.0"
    http-proxy "^1.8.1"
    opener "~1.4.0"
    optimist "0.6.x"
    portfinder "0.4.x"
    union "~0.4.3"

jquery@~2.2.x:
  version "2.2.4"
  resolved "https://registry.yarnpkg.com/jquery/-/jquery-2.2.4.tgz#2c89d6889b5eac522a7eea32c14521559c6cbf02"

magic-string@^0.16.0:
  version "0.16.0"
  resolved "https://registry.yarnpkg.com/magic-string/-/magic-string-0.16.0.tgz#970ebb0da7193301285fb1aa650f39bdd81eb45a"
  dependencies:
    vlq "^0.2.1"

mime@^1.2.11:
  version "1.3.4"
  resolved "https://registry.yarnpkg.com/mime/-/mime-1.3.4.tgz#115f9e3b6b3daf2959983cb38f149a2d40eb5d53"

minimatch@^3.0.2:
  version "3.0.3"
  resolved "https://registry.yarnpkg.com/minimatch/-/minimatch-3.0.3.tgz#2a4e4090b96b2db06a9d7df01055a62a77c9b774"
  dependencies:
    brace-expansion "^1.0.0"

minimist@0.0.8:
  version "0.0.8"
  resolved "https://registry.yarnpkg.com/minimist/-/minimist-0.0.8.tgz#857fcabfc3397d2625b8228262e86aa7a011b05d"

minimist@^1.1.0:
  version "1.2.0"
  resolved "https://registry.yarnpkg.com/minimist/-/minimist-1.2.0.tgz#a35008b20f41383eec1fb914f4cd5df79a264284"

minimist@~0.0.1:
  version "0.0.10"
  resolved "https://registry.yarnpkg.com/minimist/-/minimist-0.0.10.tgz#de3f98543dbf96082be48ad1a0c7cda836301dcf"

mkdirp@0.5.x:
  version "0.5.1"
  resolved "https://registry.yarnpkg.com/mkdirp/-/mkdirp-0.5.1.tgz#30057438eac6cf7f8c4767f38648d6697d75c903"
  dependencies:
    minimist "0.0.8"

object-assign@^4.0.1:
  version "4.1.0"
  resolved "https://registry.yarnpkg.com/object-assign/-/object-assign-4.1.0.tgz#7a3b3d0e98063d43f4c03f2e8ae6cd51a86883a0"

opener@~1.4.0:
  version "1.4.2"
  resolved "https://registry.yarnpkg.com/opener/-/opener-1.4.2.tgz#b32582080042af8680c389a499175b4c54fff523"

optimist@0.6.x:
  version "0.6.1"
  resolved "https://registry.yarnpkg.com/optimist/-/optimist-0.6.1.tgz#da3ea74686fa21a19a111c326e90eb15a0196686"
  dependencies:
    minimist "~0.0.1"
    wordwrap "~0.0.2"

portfinder@0.4.x:
  version "0.4.0"
  resolved "https://registry.yarnpkg.com/portfinder/-/portfinder-0.4.0.tgz#a3ffadffafe4fb98e0601a85eda27c27ce84ca1e"
  dependencies:
    async "0.9.0"
    mkdirp "0.5.x"

qs@~2.3.3:
  version "2.3.3"
  resolved "https://registry.yarnpkg.com/qs/-/qs-2.3.3.tgz#e9e85adbe75da0bbe4c8e0476a086290f863b404"

reflect-metadata@^0.1.8:
  version "0.1.8"
  resolved "https://registry.yarnpkg.com/reflect-metadata/-/reflect-metadata-0.1.8.tgz#72426d570b60776e3688968bd5ab9537a15cecf6"

requires-port@1.x.x:
  version "1.0.0"
  resolved "https://registry.yarnpkg.com/requires-port/-/requires-port-1.0.0.tgz#925d2601d39ac485e091cf0da5c6e694dc3dcaff"

resolve-url@^0.2.1:
  version "0.2.1"
  resolved "https://registry.yarnpkg.com/resolve-url/-/resolve-url-0.2.1.tgz#2c637fe77c893afd2a663fe21aa9080068e2052a"

resolve@1.1.7, resolve@^1.1.6, resolve@^1.1.7:
  version "1.1.7"
  resolved "https://registry.yarnpkg.com/resolve/-/resolve-1.1.7.tgz#203114d82ad2c5ed9e8e0411b3932875e889e97b"

rollup:
  version "0.36.3"
  resolved "https://registry.yarnpkg.com/rollup/-/rollup-0.36.3.tgz#c89ac479828924ff8f69c1d44541cb4ea2fc11fc"
  dependencies:
    source-map-support "^0.4.0"

rollup-plugin-commonjs:
  version "5.0.5"
  resolved "https://registry.yarnpkg.com/rollup-plugin-commonjs/-/rollup-plugin-commonjs-5.0.5.tgz#14f93d92cb70e6c31142914b83cd3e904be30c1f"
  dependencies:
    acorn "^4.0.1"
    estree-walker "^0.2.1"
    magic-string "^0.16.0"
    resolve "^1.1.7"
    rollup-pluginutils "^1.5.1"

rollup-plugin-node-resolve:
  version "2.0.0"
  resolved "https://registry.yarnpkg.com/rollup-plugin-node-resolve/-/rollup-plugin-node-resolve-2.0.0.tgz#07e0ae94ac002a3ea36e8f33ca121d9f836b1309"
  dependencies:
    browser-resolve "^1.11.0"
    builtin-modules "^1.1.0"
    resolve "^1.1.6"

rollup-plugin-sourcemaps:
  version "0.4.1"
  resolved "https://registry.yarnpkg.com/rollup-plugin-sourcemaps/-/rollup-plugin-sourcemaps-0.4.1.tgz#fa7decbe012989e10d1aa6851d0c11e6d48812b7"
  dependencies:
    rollup-pluginutils "^1.5.0"
    source-map-resolve "^0.5.0"

rollup-plugin-typescript:
  version "0.8.1"
  resolved "https://registry.yarnpkg.com/rollup-plugin-typescript/-/rollup-plugin-typescript-0.8.1.tgz#2ff7eecc21cf6bb2b43fc27e5b688952ce71924a"
  dependencies:
    compare-versions "2.0.1"
    object-assign "^4.0.1"
    rollup-pluginutils "^1.3.1"
    tippex "^2.1.1"
    typescript "^1.8.9"

rollup-pluginutils@^1.3.1, rollup-pluginutils@^1.5.0, rollup-pluginutils@^1.5.1:
  version "1.5.2"
  resolved "https://registry.yarnpkg.com/rollup-pluginutils/-/rollup-pluginutils-1.5.2.tgz#1e156e778f94b7255bfa1b3d0178be8f5c552408"
  dependencies:
    estree-walker "^0.2.1"
    minimatch "^3.0.2"

source-map-resolve@^0.5.0:
  version "0.5.0"
  resolved "https://registry.yarnpkg.com/source-map-resolve/-/source-map-resolve-0.5.0.tgz#fcad0b64b70afb27699e425950cb5ebcd410bc20"
  dependencies:
    atob "^2.0.0"
    resolve-url "^0.2.1"
    source-map-url "^0.4.0"
    urix "^0.1.0"

source-map-support@^0.4.0:
  version "0.4.6"
  resolved "https://registry.yarnpkg.com/source-map-support/-/source-map-support-0.4.6.tgz#32552aa64b458392a85eab3b0b5ee61527167aeb"
  dependencies:
    source-map "^0.5.3"

source-map-url@^0.4.0:
  version "0.4.0"
  resolved "https://registry.yarnpkg.com/source-map-url/-/source-map-url-0.4.0.tgz#3e935d7ddd73631b97659956d55128e87b5084a3"

source-map@0.1.34:
  version "0.1.34"
  resolved "https://registry.yarnpkg.com/source-map/-/source-map-0.1.34.tgz#a7cfe89aec7b1682c3b198d0acfb47d7d090566b"
  dependencies:
    amdefine ">=0.0.4"

source-map@^0.5.3:
  version "0.5.6"
  resolved "https://registry.yarnpkg.com/source-map/-/source-map-0.5.6.tgz#75ce38f52bf0733c5a7f0c118d81334a2bb5f412"

tippex@^2.1.1:
  version "2.3.0"
  resolved "https://registry.yarnpkg.com/tippex/-/tippex-2.3.0.tgz#4ff663dbd2e12e90126e078789282a3fa8a9c007"

typescript@^1.8.9:
  version "1.8.10"
  resolved "https://registry.yarnpkg.com/typescript/-/typescript-1.8.10.tgz#b475d6e0dff0bf50f296e5ca6ef9fbb5c7320f1e"

typescript@^2.1.1:
  version "2.1.1"
  resolved "https://registry.yarnpkg.com/typescript/-/typescript-2.1.1.tgz#41c2b64472f529331b2055c0424862b44ce58d42"

uglify-to-browserify@~1.0.0:
  version "1.0.2"
  resolved "https://registry.yarnpkg.com/uglify-to-browserify/-/uglify-to-browserify-1.0.2.tgz#6e0924d6bda6b5afe349e39a6d632850a0f882b7"

uglifyjs:
  version "2.4.10"
  resolved "https://registry.yarnpkg.com/uglifyjs/-/uglifyjs-2.4.10.tgz#632927319fa6a3da3fc91f9773ac27bfe6c3ee92"
  dependencies:
    async "~0.2.6"
    source-map "0.1.34"
    uglify-to-browserify "~1.0.0"
    yargs "~1.3.3"

union@~0.4.3:
  version "0.4.6"
  resolved "https://registry.yarnpkg.com/union/-/union-0.4.6.tgz#198fbdaeba254e788b0efcb630bc11f24a2959e0"
  dependencies:
    qs "~2.3.3"

urix@^0.1.0:
  version "0.1.0"
  resolved "https://registry.yarnpkg.com/urix/-/urix-0.1.0.tgz#da937f7a62e21fec1fd18d49b35c2935067a6c72"

url-join@^1.0.0:
  version "1.1.0"
  resolved "https://registry.yarnpkg.com/url-join/-/url-join-1.1.0.tgz#741c6c2f4596c4830d6718460920d0c92202dc78"

vlq@^0.2.1:
  version "0.2.1"
  resolved "https://registry.yarnpkg.com/vlq/-/vlq-0.2.1.tgz#14439d711891e682535467f8587c5630e4222a6c"

wordwrap@~0.0.2:
  version "0.0.3"
  resolved "https://registry.yarnpkg.com/wordwrap/-/wordwrap-0.0.3.tgz#a3d5da6cd5c0bc0008d37234bbaf1bed63059107"

yargs@~1.3.3:
  version "1.3.3"
  resolved "https://registry.yarnpkg.com/yargs/-/yargs-1.3.3.tgz#054de8b61f22eefdb7207059eaef9d6b83fb931a"
